
Microsoft Visual Studio Solution File, Format Version 12.00
# Visual Studio Version 17
VisualStudioVersion = 17.3.32825.248
MinimumVisualStudioVersion = 10.0.40219.1
Project("{FAE04EC0-301F-11D3-BF4B-00C04F79EFBC}") = "PDDLTools", "PDDLTools\PDDLTools.csproj", "{D1F9B2DB-F80F-4C35-B693-2C2B486DA250}"
EndProject
Project("{FAE04EC0-301F-11D3-BF4B-00C04F79EFBC}") = "PDDLParser", "PDDLParser\PDDLParser.csproj", "{07627E9C-F6C2-468F-9855-9FF30ADFD6DB}"
EndProject
Project("{9A19103F-16F7-4668-BE54-9A1E7A4F7556}") = "TestCMD", "PDDLParserCMD\TestCMD.csproj", "{1873F433-02EC-47AC-9F1E-EA5BDCB8D82A}"
EndProject
Project("{2150E333-8FDC-42A3-9474-1A3956D46DE8}") = "Solution Items", "Solution Items", "{C33D06E1-C277-4751-9F18-3C53CCA78F13}"
	ProjectSection(SolutionItems) = preProject
		.gitignore = .gitignore
		.github\workflows\dotnet.yml = .github\workflows\dotnet.yml
		LICENSE = LICENSE
		README.md = README.md
	EndProjectSection
EndProject
Project("{FAE04EC0-301F-11D3-BF4B-00C04F79EFBC}") = "SASSimulator", "SASSimulator\SASSimulator.csproj", "{87D73118-449A-4054-9B54-60D0A440D87A}"
EndProject
Project("{FAE04EC0-301F-11D3-BF4B-00C04F79EFBC}") = "FastDownwardRunner", "FastDownwardRunner\FastDownwardRunner.csproj", "{463BC2C9-3237-4251-BCAC-CC0003DFEE81}"
EndProject
Project("{FAE04EC0-301F-11D3-BF4B-00C04F79EFBC}") = "LocationSpreader", "LocationSpreader\LocationSpreader.csproj", "{D774B8F9-EC43-402C-9001-8CD43D52EDCD}"
EndProject
Global
	GlobalSection(SolutionConfigurationPlatforms) = preSolution
		Debug|Any CPU = Debug|Any CPU
		Debug|x86 = Debug|x86
		Release|Any CPU = Release|Any CPU
		Release|x86 = Release|x86
	EndGlobalSection
	GlobalSection(ProjectConfigurationPlatforms) = postSolution
		{D1F9B2DB-F80F-4C35-B693-2C2B486DA250}.Debug|Any CPU.ActiveCfg = Debug|Any CPU
		{D1F9B2DB-F80F-4C35-B693-2C2B486DA250}.Debug|Any CPU.Build.0 = Debug|Any CPU
		{D1F9B2DB-F80F-4C35-B693-2C2B486DA250}.Debug|x86.ActiveCfg = Debug|x86
		{D1F9B2DB-F80F-4C35-B693-2C2B486DA250}.Debug|x86.Build.0 = Debug|x86
		{D1F9B2DB-F80F-4C35-B693-2C2B486DA250}.Release|Any CPU.ActiveCfg = Release|Any CPU
		{D1F9B2DB-F80F-4C35-B693-2C2B486DA250}.Release|Any CPU.Build.0 = Release|Any CPU
		{D1F9B2DB-F80F-4C35-B693-2C2B486DA250}.Release|x86.ActiveCfg = Release|x86
		{D1F9B2DB-F80F-4C35-B693-2C2B486DA250}.Release|x86.Build.0 = Release|x86
		{07627E9C-F6C2-468F-9855-9FF30ADFD6DB}.Debug|Any CPU.ActiveCfg = Debug|Any CPU
		{07627E9C-F6C2-468F-9855-9FF30ADFD6DB}.Debug|Any CPU.Build.0 = Debug|Any CPU
		{07627E9C-F6C2-468F-9855-9FF30ADFD6DB}.Debug|x86.ActiveCfg = Debug|Any CPU
		{07627E9C-F6C2-468F-9855-9FF30ADFD6DB}.Debug|x86.Build.0 = Debug|Any CPU
		{07627E9C-F6C2-468F-9855-9FF30ADFD6DB}.Release|Any CPU.ActiveCfg = Release|Any CPU
		{07627E9C-F6C2-468F-9855-9FF30ADFD6DB}.Release|Any CPU.Build.0 = Release|Any CPU
		{07627E9C-F6C2-468F-9855-9FF30ADFD6DB}.Release|x86.ActiveCfg = Release|Any CPU
		{07627E9C-F6C2-468F-9855-9FF30ADFD6DB}.Release|x86.Build.0 = Release|Any CPU
		{1873F433-02EC-47AC-9F1E-EA5BDCB8D82A}.Debug|Any CPU.ActiveCfg = Debug|Any CPU
		{1873F433-02EC-47AC-9F1E-EA5BDCB8D82A}.Debug|Any CPU.Build.0 = Debug|Any CPU
		{1873F433-02EC-47AC-9F1E-EA5BDCB8D82A}.Debug|x86.ActiveCfg = Debug|Any CPU
		{1873F433-02EC-47AC-9F1E-EA5BDCB8D82A}.Debug|x86.Build.0 = Debug|Any CPU
		{1873F433-02EC-47AC-9F1E-EA5BDCB8D82A}.Release|Any CPU.ActiveCfg = Release|Any CPU
		{1873F433-02EC-47AC-9F1E-EA5BDCB8D82A}.Release|Any CPU.Build.0 = Release|Any CPU
		{1873F433-02EC-47AC-9F1E-EA5BDCB8D82A}.Release|x86.ActiveCfg = Release|Any CPU
		{1873F433-02EC-47AC-9F1E-EA5BDCB8D82A}.Release|x86.Build.0 = Release|Any CPU
		{87D73118-449A-4054-9B54-60D0A440D87A}.Debug|Any CPU.ActiveCfg = Debug|Any CPU
		{87D73118-449A-4054-9B54-60D0A440D87A}.Debug|Any CPU.Build.0 = Debug|Any CPU
		{87D73118-449A-4054-9B54-60D0A440D87A}.Debug|x86.ActiveCfg = Debug|Any CPU
		{87D73118-449A-4054-9B54-60D0A440D87A}.Debug|x86.Build.0 = Debug|Any CPU
		{87D73118-449A-4054-9B54-60D0A440D87A}.Release|Any CPU.ActiveCfg = Release|Any CPU
		{87D73118-449A-4054-9B54-60D0A440D87A}.Release|Any CPU.Build.0 = Release|Any CPU
		{87D73118-449A-4054-9B54-60D0A440D87A}.Release|x86.ActiveCfg = Release|Any CPU
		{87D73118-449A-4054-9B54-60D0A440D87A}.Release|x86.Build.0 = Release|Any CPU
		{463BC2C9-3237-4251-BCAC-CC0003DFEE81}.Debug|Any CPU.ActiveCfg = Debug|Any CPU
		{463BC2C9-3237-4251-BCAC-CC0003DFEE81}.Debug|Any CPU.Build.0 = Debug|Any CPU
		{463BC2C9-3237-4251-BCAC-CC0003DFEE81}.Debug|x86.ActiveCfg = Debug|Any CPU
		{463BC2C9-3237-4251-BCAC-CC0003DFEE81}.Debug|x86.Build.0 = Debug|Any CPU
		{463BC2C9-3237-4251-BCAC-CC0003DFEE81}.Release|Any CPU.ActiveCfg = Release|Any CPU
		{463BC2C9-3237-4251-BCAC-CC0003DFEE81}.Release|Any CPU.Build.0 = Release|Any CPU
		{463BC2C9-3237-4251-BCAC-CC0003DFEE81}.Release|x86.ActiveCfg = Release|Any CPU
		{463BC2C9-3237-4251-BCAC-CC0003DFEE81}.Release|x86.Build.0 = Release|Any CPU
		{D774B8F9-EC43-402C-9001-8CD43D52EDCD}.Debug|Any CPU.ActiveCfg = Debug|Any CPU
		{D774B8F9-EC43-402C-9001-8CD43D52EDCD}.Debug|Any CPU.Build.0 = Debug|Any CPU
		{D774B8F9-EC43-402C-9001-8CD43D52EDCD}.Debug|x86.ActiveCfg = Debug|Any CPU
		{D774B8F9-EC43-402C-9001-8CD43D52EDCD}.Debug|x86.Build.0 = Debug|Any CPU
		{D774B8F9-EC43-402C-9001-8CD43D52EDCD}.Release|Any CPU.ActiveCfg = Release|Any CPU
		{D774B8F9-EC43-402C-9001-8CD43D52EDCD}.Release|Any CPU.Build.0 = Release|Any CPU
		{D774B8F9-EC43-402C-9001-8CD43D52EDCD}.Release|x86.ActiveCfg = Release|Any CPU
		{D774B8F9-EC43-402C-9001-8CD43D52EDCD}.Release|x86.Build.0 = Release|Any CPU
	EndGlobalSection
	GlobalSection(SolutionProperties) = preSolution
		HideSolutionNode = FALSE
	EndGlobalSection
	GlobalSection(ExtensibilityGlobals) = postSolution
		SolutionGuid = {2A1D20D5-967C-4BFC-9BF7-C1F31B5C649A}
	EndGlobalSection
EndGlobal
