
Microsoft Visual Studio Solution File, Format Version 12.00
# Visual Studio Version 17
VisualStudioVersion = 17.3.32825.248
MinimumVisualStudioVersion = 10.0.40219.1
Project("{FAE04EC0-301F-11D3-BF4B-00C04F79EFBC}") = "PDDLTools", "PDDLTools\PDDLTools.csproj", "{D1F9B2DB-F80F-4C35-B693-2C2B486DA250}"
EndProject
Project("{FAE04EC0-301F-11D3-BF4B-00C04F79EFBC}") = "PDDLParser", "PDDLParser\PDDLParser.csproj", "{07627E9C-F6C2-468F-9855-9FF30ADFD6DB}"
EndProject
Project("{2150E333-8FDC-42A3-9474-1A3956D46DE8}") = "Solution Items", "Solution Items", "{C33D06E1-C277-4751-9F18-3C53CCA78F13}"
	ProjectSection(SolutionItems) = preProject
		.gitignore = .gitignore
		.github\workflows\dotnet.yml = .github\workflows\dotnet.yml
		LICENSE = LICENSE
		README.md = README.md
	EndProjectSection
EndProject
Project("{FAE04EC0-301F-11D3-BF4B-00C04F79EFBC}") = "SASSimulator", "SASSimulator\SASSimulator.csproj", "{87D73118-449A-4054-9B54-60D0A440D87A}"
EndProject
Project("{FAE04EC0-301F-11D3-BF4B-00C04F79EFBC}") = "LocationSpreader", "LocationSpreader\LocationSpreader.csproj", "{D774B8F9-EC43-402C-9001-8CD43D52EDCD}"
EndProject
Project("{FAE04EC0-301F-11D3-BF4B-00C04F79EFBC}") = "PDDLSimpleDomainFileTemplate", "PDDLDomainFileTemplate\PDDLSimpleDomainFileTemplate.csproj", "{81EEBDEF-AC40-4E7A-8D8D-C0F609DE8721}"
EndProject
Project("{FAE04EC0-301F-11D3-BF4B-00C04F79EFBC}") = "PDDLFullDomainFileTemplate", "PDDLFullDomainFileTemplate\PDDLFullDomainFileTemplate.csproj", "{EB383EB1-F3EE-4123-9BB6-DEB650AD72FF}"
EndProject
Project("{FAE04EC0-301F-11D3-BF4B-00C04F79EFBC}") = "PDDLEmptyDomainFileTemplate", "PDDLEmptyDomainFileTemplate\PDDLEmptyDomainFileTemplate.csproj", "{61363573-4B8D-4545-ABD2-C5553EB0E359}"
EndProject
Project("{2150E333-8FDC-42A3-9474-1A3956D46DE8}") = "FileTemplates", "FileTemplates", "{5E600DBA-8476-4BA8-BBFE-7E8F412FEA2B}"
EndProject
Project("{FAE04EC0-301F-11D3-BF4B-00C04F79EFBC}") = "PDDLEmptyProblemFileTemplate", "PDDLEmptyProblemFileTemplate\PDDLEmptyProblemFileTemplate.csproj", "{970840FF-7A37-496A-9361-86AD125CFE5A}"
EndProject
Project("{FAE04EC0-301F-11D3-BF4B-00C04F79EFBC}") = "PDDLSimpleProblemFileTemplate", "PDDLSimpleProblemFileTemplate\PDDLSimpleProblemFileTemplate.csproj", "{28449582-C3EB-4034-881B-E9349796789D}"
EndProject
Project("{FAE04EC0-301F-11D3-BF4B-00C04F79EFBC}") = "PDDLFullProblemFileTemplate", "PDDLFullProblemFileTemplate\PDDLFullProblemFileTemplate.csproj", "{AA488EBA-93DB-4F77-B9BF-C7DCB2E126F3}"
EndProject
Project("{FAE04EC0-301F-11D3-BF4B-00C04F79EFBC}") = "CMDRunners", "CMDRunners\CMDRunners.csproj", "{00A388BE-B31E-4472-BFFB-DA51CB79A55B}"
EndProject
Project("{9A19103F-16F7-4668-BE54-9A1E7A4F7556}") = "TestCMD", "TestCMD\TestCMD.csproj", "{C6BF38D2-A792-4E6D-935D-C2D58C4999B3}"
EndProject
Project("{FAE04EC0-301F-11D3-BF4B-00C04F79EFBC}") = "PDDLProjectTemplate", "PDDLProjectTemplate\PDDLProjectTemplate.csproj", "{651EBED8-058E-4104-A3B5-2E06330822F2}"
EndProject
Project("{FAE04EC0-301F-11D3-BF4B-00C04F79EFBC}") = "PDDLProjectType", "PDDLProjectType\PDDLProjectType.csproj", "{D14ED547-03FF-4195-A5A0-2107C033C2EF}"
EndProject
Project("{2150E333-8FDC-42A3-9474-1A3956D46DE8}") = "ProjectTemplates", "ProjectTemplates", "{931A292D-CDE2-44C0-8F11-BCECC93A6864}"
EndProject
Global
	GlobalSection(SolutionConfigurationPlatforms) = preSolution
		Debug|Any CPU = Debug|Any CPU
		Debug|arm64 = Debug|arm64
		Debug|x86 = Debug|x86
		Release|Any CPU = Release|Any CPU
		Release|arm64 = Release|arm64
		Release|x86 = Release|x86
	EndGlobalSection
	GlobalSection(ProjectConfigurationPlatforms) = postSolution
		{D1F9B2DB-F80F-4C35-B693-2C2B486DA250}.Debug|Any CPU.ActiveCfg = Debug|Any CPU
		{D1F9B2DB-F80F-4C35-B693-2C2B486DA250}.Debug|Any CPU.Build.0 = Debug|Any CPU
		{D1F9B2DB-F80F-4C35-B693-2C2B486DA250}.Debug|arm64.ActiveCfg = Debug|Any CPU
		{D1F9B2DB-F80F-4C35-B693-2C2B486DA250}.Debug|arm64.Build.0 = Debug|Any CPU
		{D1F9B2DB-F80F-4C35-B693-2C2B486DA250}.Debug|x86.ActiveCfg = Debug|x86
		{D1F9B2DB-F80F-4C35-B693-2C2B486DA250}.Debug|x86.Build.0 = Debug|x86
		{D1F9B2DB-F80F-4C35-B693-2C2B486DA250}.Release|Any CPU.ActiveCfg = Release|Any CPU
		{D1F9B2DB-F80F-4C35-B693-2C2B486DA250}.Release|Any CPU.Build.0 = Release|Any CPU
		{D1F9B2DB-F80F-4C35-B693-2C2B486DA250}.Release|arm64.ActiveCfg = Release|Any CPU
		{D1F9B2DB-F80F-4C35-B693-2C2B486DA250}.Release|arm64.Build.0 = Release|Any CPU
		{D1F9B2DB-F80F-4C35-B693-2C2B486DA250}.Release|x86.ActiveCfg = Release|x86
		{D1F9B2DB-F80F-4C35-B693-2C2B486DA250}.Release|x86.Build.0 = Release|x86
		{07627E9C-F6C2-468F-9855-9FF30ADFD6DB}.Debug|Any CPU.ActiveCfg = Debug|Any CPU
		{07627E9C-F6C2-468F-9855-9FF30ADFD6DB}.Debug|Any CPU.Build.0 = Debug|Any CPU
		{07627E9C-F6C2-468F-9855-9FF30ADFD6DB}.Debug|arm64.ActiveCfg = Debug|Any CPU
		{07627E9C-F6C2-468F-9855-9FF30ADFD6DB}.Debug|arm64.Build.0 = Debug|Any CPU
		{07627E9C-F6C2-468F-9855-9FF30ADFD6DB}.Debug|x86.ActiveCfg = Debug|Any CPU
		{07627E9C-F6C2-468F-9855-9FF30ADFD6DB}.Debug|x86.Build.0 = Debug|Any CPU
		{07627E9C-F6C2-468F-9855-9FF30ADFD6DB}.Release|Any CPU.ActiveCfg = Release|Any CPU
		{07627E9C-F6C2-468F-9855-9FF30ADFD6DB}.Release|Any CPU.Build.0 = Release|Any CPU
		{07627E9C-F6C2-468F-9855-9FF30ADFD6DB}.Release|arm64.ActiveCfg = Release|Any CPU
		{07627E9C-F6C2-468F-9855-9FF30ADFD6DB}.Release|arm64.Build.0 = Release|Any CPU
		{07627E9C-F6C2-468F-9855-9FF30ADFD6DB}.Release|x86.ActiveCfg = Release|Any CPU
		{07627E9C-F6C2-468F-9855-9FF30ADFD6DB}.Release|x86.Build.0 = Release|Any CPU
		{87D73118-449A-4054-9B54-60D0A440D87A}.Debug|Any CPU.ActiveCfg = Debug|Any CPU
		{87D73118-449A-4054-9B54-60D0A440D87A}.Debug|Any CPU.Build.0 = Debug|Any CPU
		{87D73118-449A-4054-9B54-60D0A440D87A}.Debug|arm64.ActiveCfg = Debug|Any CPU
		{87D73118-449A-4054-9B54-60D0A440D87A}.Debug|arm64.Build.0 = Debug|Any CPU
		{87D73118-449A-4054-9B54-60D0A440D87A}.Debug|x86.ActiveCfg = Debug|Any CPU
		{87D73118-449A-4054-9B54-60D0A440D87A}.Debug|x86.Build.0 = Debug|Any CPU
		{87D73118-449A-4054-9B54-60D0A440D87A}.Release|Any CPU.ActiveCfg = Release|Any CPU
		{87D73118-449A-4054-9B54-60D0A440D87A}.Release|Any CPU.Build.0 = Release|Any CPU
		{87D73118-449A-4054-9B54-60D0A440D87A}.Release|arm64.ActiveCfg = Release|Any CPU
		{87D73118-449A-4054-9B54-60D0A440D87A}.Release|arm64.Build.0 = Release|Any CPU
		{87D73118-449A-4054-9B54-60D0A440D87A}.Release|x86.ActiveCfg = Release|Any CPU
		{87D73118-449A-4054-9B54-60D0A440D87A}.Release|x86.Build.0 = Release|Any CPU
		{D774B8F9-EC43-402C-9001-8CD43D52EDCD}.Debug|Any CPU.ActiveCfg = Debug|Any CPU
		{D774B8F9-EC43-402C-9001-8CD43D52EDCD}.Debug|Any CPU.Build.0 = Debug|Any CPU
		{D774B8F9-EC43-402C-9001-8CD43D52EDCD}.Debug|arm64.ActiveCfg = Debug|Any CPU
		{D774B8F9-EC43-402C-9001-8CD43D52EDCD}.Debug|arm64.Build.0 = Debug|Any CPU
		{D774B8F9-EC43-402C-9001-8CD43D52EDCD}.Debug|x86.ActiveCfg = Debug|Any CPU
		{D774B8F9-EC43-402C-9001-8CD43D52EDCD}.Debug|x86.Build.0 = Debug|Any CPU
		{D774B8F9-EC43-402C-9001-8CD43D52EDCD}.Release|Any CPU.ActiveCfg = Release|Any CPU
		{D774B8F9-EC43-402C-9001-8CD43D52EDCD}.Release|Any CPU.Build.0 = Release|Any CPU
		{D774B8F9-EC43-402C-9001-8CD43D52EDCD}.Release|arm64.ActiveCfg = Release|Any CPU
		{D774B8F9-EC43-402C-9001-8CD43D52EDCD}.Release|arm64.Build.0 = Release|Any CPU
		{D774B8F9-EC43-402C-9001-8CD43D52EDCD}.Release|x86.ActiveCfg = Release|Any CPU
		{D774B8F9-EC43-402C-9001-8CD43D52EDCD}.Release|x86.Build.0 = Release|Any CPU
		{81EEBDEF-AC40-4E7A-8D8D-C0F609DE8721}.Debug|Any CPU.ActiveCfg = Debug|Any CPU
		{81EEBDEF-AC40-4E7A-8D8D-C0F609DE8721}.Debug|Any CPU.Build.0 = Debug|Any CPU
		{81EEBDEF-AC40-4E7A-8D8D-C0F609DE8721}.Debug|arm64.ActiveCfg = Debug|arm64
		{81EEBDEF-AC40-4E7A-8D8D-C0F609DE8721}.Debug|arm64.Build.0 = Debug|arm64
		{81EEBDEF-AC40-4E7A-8D8D-C0F609DE8721}.Debug|x86.ActiveCfg = Debug|x86
		{81EEBDEF-AC40-4E7A-8D8D-C0F609DE8721}.Debug|x86.Build.0 = Debug|x86
		{81EEBDEF-AC40-4E7A-8D8D-C0F609DE8721}.Release|Any CPU.ActiveCfg = Release|Any CPU
		{81EEBDEF-AC40-4E7A-8D8D-C0F609DE8721}.Release|Any CPU.Build.0 = Release|Any CPU
		{81EEBDEF-AC40-4E7A-8D8D-C0F609DE8721}.Release|arm64.ActiveCfg = Release|arm64
		{81EEBDEF-AC40-4E7A-8D8D-C0F609DE8721}.Release|arm64.Build.0 = Release|arm64
		{81EEBDEF-AC40-4E7A-8D8D-C0F609DE8721}.Release|x86.ActiveCfg = Release|x86
		{81EEBDEF-AC40-4E7A-8D8D-C0F609DE8721}.Release|x86.Build.0 = Release|x86
		{EB383EB1-F3EE-4123-9BB6-DEB650AD72FF}.Debug|Any CPU.ActiveCfg = Debug|Any CPU
		{EB383EB1-F3EE-4123-9BB6-DEB650AD72FF}.Debug|Any CPU.Build.0 = Debug|Any CPU
		{EB383EB1-F3EE-4123-9BB6-DEB650AD72FF}.Debug|arm64.ActiveCfg = Debug|arm64
		{EB383EB1-F3EE-4123-9BB6-DEB650AD72FF}.Debug|arm64.Build.0 = Debug|arm64
		{EB383EB1-F3EE-4123-9BB6-DEB650AD72FF}.Debug|x86.ActiveCfg = Debug|x86
		{EB383EB1-F3EE-4123-9BB6-DEB650AD72FF}.Debug|x86.Build.0 = Debug|x86
		{EB383EB1-F3EE-4123-9BB6-DEB650AD72FF}.Release|Any CPU.ActiveCfg = Release|Any CPU
		{EB383EB1-F3EE-4123-9BB6-DEB650AD72FF}.Release|Any CPU.Build.0 = Release|Any CPU
		{EB383EB1-F3EE-4123-9BB6-DEB650AD72FF}.Release|arm64.ActiveCfg = Release|arm64
		{EB383EB1-F3EE-4123-9BB6-DEB650AD72FF}.Release|arm64.Build.0 = Release|arm64
		{EB383EB1-F3EE-4123-9BB6-DEB650AD72FF}.Release|x86.ActiveCfg = Release|x86
		{EB383EB1-F3EE-4123-9BB6-DEB650AD72FF}.Release|x86.Build.0 = Release|x86
		{61363573-4B8D-4545-ABD2-C5553EB0E359}.Debug|Any CPU.ActiveCfg = Debug|Any CPU
		{61363573-4B8D-4545-ABD2-C5553EB0E359}.Debug|Any CPU.Build.0 = Debug|Any CPU
		{61363573-4B8D-4545-ABD2-C5553EB0E359}.Debug|arm64.ActiveCfg = Debug|arm64
		{61363573-4B8D-4545-ABD2-C5553EB0E359}.Debug|arm64.Build.0 = Debug|arm64
		{61363573-4B8D-4545-ABD2-C5553EB0E359}.Debug|x86.ActiveCfg = Debug|x86
		{61363573-4B8D-4545-ABD2-C5553EB0E359}.Debug|x86.Build.0 = Debug|x86
		{61363573-4B8D-4545-ABD2-C5553EB0E359}.Release|Any CPU.ActiveCfg = Release|Any CPU
		{61363573-4B8D-4545-ABD2-C5553EB0E359}.Release|Any CPU.Build.0 = Release|Any CPU
		{61363573-4B8D-4545-ABD2-C5553EB0E359}.Release|arm64.ActiveCfg = Release|arm64
		{61363573-4B8D-4545-ABD2-C5553EB0E359}.Release|arm64.Build.0 = Release|arm64
		{61363573-4B8D-4545-ABD2-C5553EB0E359}.Release|x86.ActiveCfg = Release|x86
		{61363573-4B8D-4545-ABD2-C5553EB0E359}.Release|x86.Build.0 = Release|x86
		{970840FF-7A37-496A-9361-86AD125CFE5A}.Debug|Any CPU.ActiveCfg = Debug|Any CPU
		{970840FF-7A37-496A-9361-86AD125CFE5A}.Debug|Any CPU.Build.0 = Debug|Any CPU
		{970840FF-7A37-496A-9361-86AD125CFE5A}.Debug|arm64.ActiveCfg = Debug|arm64
		{970840FF-7A37-496A-9361-86AD125CFE5A}.Debug|arm64.Build.0 = Debug|arm64
		{970840FF-7A37-496A-9361-86AD125CFE5A}.Debug|x86.ActiveCfg = Debug|x86
		{970840FF-7A37-496A-9361-86AD125CFE5A}.Debug|x86.Build.0 = Debug|x86
		{970840FF-7A37-496A-9361-86AD125CFE5A}.Release|Any CPU.ActiveCfg = Release|Any CPU
		{970840FF-7A37-496A-9361-86AD125CFE5A}.Release|Any CPU.Build.0 = Release|Any CPU
		{970840FF-7A37-496A-9361-86AD125CFE5A}.Release|arm64.ActiveCfg = Release|arm64
		{970840FF-7A37-496A-9361-86AD125CFE5A}.Release|arm64.Build.0 = Release|arm64
		{970840FF-7A37-496A-9361-86AD125CFE5A}.Release|x86.ActiveCfg = Release|x86
		{970840FF-7A37-496A-9361-86AD125CFE5A}.Release|x86.Build.0 = Release|x86
		{28449582-C3EB-4034-881B-E9349796789D}.Debug|Any CPU.ActiveCfg = Debug|Any CPU
		{28449582-C3EB-4034-881B-E9349796789D}.Debug|Any CPU.Build.0 = Debug|Any CPU
		{28449582-C3EB-4034-881B-E9349796789D}.Debug|arm64.ActiveCfg = Debug|arm64
		{28449582-C3EB-4034-881B-E9349796789D}.Debug|arm64.Build.0 = Debug|arm64
		{28449582-C3EB-4034-881B-E9349796789D}.Debug|x86.ActiveCfg = Debug|x86
		{28449582-C3EB-4034-881B-E9349796789D}.Debug|x86.Build.0 = Debug|x86
		{28449582-C3EB-4034-881B-E9349796789D}.Release|Any CPU.ActiveCfg = Release|Any CPU
		{28449582-C3EB-4034-881B-E9349796789D}.Release|Any CPU.Build.0 = Release|Any CPU
		{28449582-C3EB-4034-881B-E9349796789D}.Release|arm64.ActiveCfg = Release|arm64
		{28449582-C3EB-4034-881B-E9349796789D}.Release|arm64.Build.0 = Release|arm64
		{28449582-C3EB-4034-881B-E9349796789D}.Release|x86.ActiveCfg = Release|x86
		{28449582-C3EB-4034-881B-E9349796789D}.Release|x86.Build.0 = Release|x86
		{AA488EBA-93DB-4F77-B9BF-C7DCB2E126F3}.Debug|Any CPU.ActiveCfg = Debug|Any CPU
		{AA488EBA-93DB-4F77-B9BF-C7DCB2E126F3}.Debug|Any CPU.Build.0 = Debug|Any CPU
		{AA488EBA-93DB-4F77-B9BF-C7DCB2E126F3}.Debug|arm64.ActiveCfg = Debug|arm64
		{AA488EBA-93DB-4F77-B9BF-C7DCB2E126F3}.Debug|arm64.Build.0 = Debug|arm64
		{AA488EBA-93DB-4F77-B9BF-C7DCB2E126F3}.Debug|x86.ActiveCfg = Debug|x86
		{AA488EBA-93DB-4F77-B9BF-C7DCB2E126F3}.Debug|x86.Build.0 = Debug|x86
		{AA488EBA-93DB-4F77-B9BF-C7DCB2E126F3}.Release|Any CPU.ActiveCfg = Release|Any CPU
		{AA488EBA-93DB-4F77-B9BF-C7DCB2E126F3}.Release|Any CPU.Build.0 = Release|Any CPU
		{AA488EBA-93DB-4F77-B9BF-C7DCB2E126F3}.Release|arm64.ActiveCfg = Release|arm64
		{AA488EBA-93DB-4F77-B9BF-C7DCB2E126F3}.Release|arm64.Build.0 = Release|arm64
		{AA488EBA-93DB-4F77-B9BF-C7DCB2E126F3}.Release|x86.ActiveCfg = Release|x86
		{AA488EBA-93DB-4F77-B9BF-C7DCB2E126F3}.Release|x86.Build.0 = Release|x86
		{00A388BE-B31E-4472-BFFB-DA51CB79A55B}.Debug|Any CPU.ActiveCfg = Debug|Any CPU
		{00A388BE-B31E-4472-BFFB-DA51CB79A55B}.Debug|Any CPU.Build.0 = Debug|Any CPU
		{00A388BE-B31E-4472-BFFB-DA51CB79A55B}.Debug|arm64.ActiveCfg = Debug|Any CPU
		{00A388BE-B31E-4472-BFFB-DA51CB79A55B}.Debug|arm64.Build.0 = Debug|Any CPU
		{00A388BE-B31E-4472-BFFB-DA51CB79A55B}.Debug|x86.ActiveCfg = Debug|Any CPU
		{00A388BE-B31E-4472-BFFB-DA51CB79A55B}.Debug|x86.Build.0 = Debug|Any CPU
		{00A388BE-B31E-4472-BFFB-DA51CB79A55B}.Release|Any CPU.ActiveCfg = Release|Any CPU
		{00A388BE-B31E-4472-BFFB-DA51CB79A55B}.Release|Any CPU.Build.0 = Release|Any CPU
		{00A388BE-B31E-4472-BFFB-DA51CB79A55B}.Release|arm64.ActiveCfg = Release|Any CPU
		{00A388BE-B31E-4472-BFFB-DA51CB79A55B}.Release|arm64.Build.0 = Release|Any CPU
		{00A388BE-B31E-4472-BFFB-DA51CB79A55B}.Release|x86.ActiveCfg = Release|Any CPU
		{00A388BE-B31E-4472-BFFB-DA51CB79A55B}.Release|x86.Build.0 = Release|Any CPU
		{C6BF38D2-A792-4E6D-935D-C2D58C4999B3}.Debug|Any CPU.ActiveCfg = Debug|Any CPU
		{C6BF38D2-A792-4E6D-935D-C2D58C4999B3}.Debug|Any CPU.Build.0 = Debug|Any CPU
		{C6BF38D2-A792-4E6D-935D-C2D58C4999B3}.Debug|arm64.ActiveCfg = Debug|Any CPU
		{C6BF38D2-A792-4E6D-935D-C2D58C4999B3}.Debug|arm64.Build.0 = Debug|Any CPU
		{C6BF38D2-A792-4E6D-935D-C2D58C4999B3}.Debug|x86.ActiveCfg = Debug|Any CPU
		{C6BF38D2-A792-4E6D-935D-C2D58C4999B3}.Debug|x86.Build.0 = Debug|Any CPU
		{C6BF38D2-A792-4E6D-935D-C2D58C4999B3}.Release|Any CPU.ActiveCfg = Release|Any CPU
		{C6BF38D2-A792-4E6D-935D-C2D58C4999B3}.Release|Any CPU.Build.0 = Release|Any CPU
		{C6BF38D2-A792-4E6D-935D-C2D58C4999B3}.Release|arm64.ActiveCfg = Release|Any CPU
		{C6BF38D2-A792-4E6D-935D-C2D58C4999B3}.Release|arm64.Build.0 = Release|Any CPU
		{C6BF38D2-A792-4E6D-935D-C2D58C4999B3}.Release|x86.ActiveCfg = Release|Any CPU
		{C6BF38D2-A792-4E6D-935D-C2D58C4999B3}.Release|x86.Build.0 = Release|Any CPU
		{651EBED8-058E-4104-A3B5-2E06330822F2}.Debug|Any CPU.ActiveCfg = Debug|Any CPU
		{651EBED8-058E-4104-A3B5-2E06330822F2}.Debug|Any CPU.Build.0 = Debug|Any CPU
		{651EBED8-058E-4104-A3B5-2E06330822F2}.Debug|arm64.ActiveCfg = Debug|arm64
		{651EBED8-058E-4104-A3B5-2E06330822F2}.Debug|arm64.Build.0 = Debug|arm64
		{651EBED8-058E-4104-A3B5-2E06330822F2}.Debug|x86.ActiveCfg = Debug|x86
		{651EBED8-058E-4104-A3B5-2E06330822F2}.Debug|x86.Build.0 = Debug|x86
		{651EBED8-058E-4104-A3B5-2E06330822F2}.Release|Any CPU.ActiveCfg = Release|Any CPU
		{651EBED8-058E-4104-A3B5-2E06330822F2}.Release|Any CPU.Build.0 = Release|Any CPU
		{651EBED8-058E-4104-A3B5-2E06330822F2}.Release|arm64.ActiveCfg = Release|arm64
		{651EBED8-058E-4104-A3B5-2E06330822F2}.Release|arm64.Build.0 = Release|arm64
		{651EBED8-058E-4104-A3B5-2E06330822F2}.Release|x86.ActiveCfg = Release|x86
		{651EBED8-058E-4104-A3B5-2E06330822F2}.Release|x86.Build.0 = Release|x86
		{D14ED547-03FF-4195-A5A0-2107C033C2EF}.Debug|Any CPU.ActiveCfg = Debug|Any CPU
		{D14ED547-03FF-4195-A5A0-2107C033C2EF}.Debug|Any CPU.Build.0 = Debug|Any CPU
		{D14ED547-03FF-4195-A5A0-2107C033C2EF}.Debug|arm64.ActiveCfg = Debug|arm64
		{D14ED547-03FF-4195-A5A0-2107C033C2EF}.Debug|arm64.Build.0 = Debug|arm64
		{D14ED547-03FF-4195-A5A0-2107C033C2EF}.Debug|x86.ActiveCfg = Debug|x86
		{D14ED547-03FF-4195-A5A0-2107C033C2EF}.Debug|x86.Build.0 = Debug|x86
		{D14ED547-03FF-4195-A5A0-2107C033C2EF}.Release|Any CPU.ActiveCfg = Release|Any CPU
		{D14ED547-03FF-4195-A5A0-2107C033C2EF}.Release|Any CPU.Build.0 = Release|Any CPU
		{D14ED547-03FF-4195-A5A0-2107C033C2EF}.Release|arm64.ActiveCfg = Release|arm64
		{D14ED547-03FF-4195-A5A0-2107C033C2EF}.Release|arm64.Build.0 = Release|arm64
		{D14ED547-03FF-4195-A5A0-2107C033C2EF}.Release|x86.ActiveCfg = Release|x86
		{D14ED547-03FF-4195-A5A0-2107C033C2EF}.Release|x86.Build.0 = Release|x86
	EndGlobalSection
	GlobalSection(SolutionProperties) = preSolution
		HideSolutionNode = FALSE
	EndGlobalSection
	GlobalSection(NestedProjects) = preSolution
		{81EEBDEF-AC40-4E7A-8D8D-C0F609DE8721} = {5E600DBA-8476-4BA8-BBFE-7E8F412FEA2B}
		{EB383EB1-F3EE-4123-9BB6-DEB650AD72FF} = {5E600DBA-8476-4BA8-BBFE-7E8F412FEA2B}
		{61363573-4B8D-4545-ABD2-C5553EB0E359} = {5E600DBA-8476-4BA8-BBFE-7E8F412FEA2B}
		{970840FF-7A37-496A-9361-86AD125CFE5A} = {5E600DBA-8476-4BA8-BBFE-7E8F412FEA2B}
		{28449582-C3EB-4034-881B-E9349796789D} = {5E600DBA-8476-4BA8-BBFE-7E8F412FEA2B}
		{AA488EBA-93DB-4F77-B9BF-C7DCB2E126F3} = {5E600DBA-8476-4BA8-BBFE-7E8F412FEA2B}
		{651EBED8-058E-4104-A3B5-2E06330822F2} = {931A292D-CDE2-44C0-8F11-BCECC93A6864}
	EndGlobalSection
	GlobalSection(ExtensibilityGlobals) = postSolution
		SolutionGuid = {2A1D20D5-967C-4BFC-9BF7-C1F31B5C649A}
	EndGlobalSection
EndGlobal
